
Microsoft Visual Studio Solution File, Format Version 12.00
# Visual Studio Version 16
VisualStudioVersion = 25.0.1706.12
MinimumVisualStudioVersion = 10.0.40219.1
Project("{2150E333-8FDC-42A3-9474-1A3956D46DE8}") = "Libraries", "Libraries", "{ABA9A826-0D0C-40E1-AB66-29BF073E34D9}"
EndProject
Project("{FAE04EC0-301F-11D3-BF4B-00C04F79EFBC}") = "MovieService.gRPC", "gRPC\MovieService.gRPC\MovieService.gRPC.csproj", "{CC68F618-5ECE-46B5-98F0-4E9FCB634F17}"
EndProject
Project("{2150E333-8FDC-42A3-9474-1A3956D46DE8}") = "gRPC", "gRPC", "{3609C9AA-170C-4969-BCAA-804D7DFCE4A3}"
EndProject
Project("{FAE04EC0-301F-11D3-BF4B-00C04F79EFBC}") = "MovieService.Library", "Libraries\MovieService.Library\MovieService.Library.csproj", "{0C8C8663-5BAA-45C1-892D-9CE53B7DD43A}"
EndProject
Project("{FAE04EC0-301F-11D3-BF4B-00C04F79EFBC}") = "AccountService.Library", "Libraries\AccountService.Library\AccountService.Library.csproj", "{B686F8A8-8DE2-4166-88E2-14045942301F}"
EndProject
Project("{FAE04EC0-301F-11D3-BF4B-00C04F79EFBC}") = "StatisticsService.Library", "Libraries\StatisticsService.Library\StatisticsService.Library.csproj", "{7A943B0C-BA33-4564-9573-A633DCF44FD1}"
EndProject
Project("{FAE04EC0-301F-11D3-BF4B-00C04F79EFBC}") = "TrailerStreamingService.Library", "Libraries\TrailerStreamingService.Library\TrailerStreamingService.Library.csproj", "{C367A43E-CE91-4919-AFB8-66AA9272FAF5}"
EndProject
Project("{FAE04EC0-301F-11D3-BF4B-00C04F79EFBC}") = "GrpcClient", "gRPC\GrpcClient\GrpcClient.csproj", "{3B8C127B-1DE6-4118-BF61-2721FB118547}"
EndProject
Project("{FAE04EC0-301F-11D3-BF4B-00C04F79EFBC}") = "AccountService.gRPC", "gRPC\AccountService.gRPC\AccountService.gRPC.csproj", "{DBEBC4D2-36B0-45F9-86B9-DCBE7BCB68F4}"
EndProject
Project("{FAE04EC0-301F-11D3-BF4B-00C04F79EFBC}") = "TrailerStreamingService.gRPC", "gRPC\TrailerStreamingService.gRPC\TrailerStreamingService.gRPC.csproj", "{1A6AA995-2589-411B-9F97-629F20517ADC}"
EndProject
Project("{2150E333-8FDC-42A3-9474-1A3956D46DE8}") = "REST", "REST", "{1C2AB5E4-B9C8-4B4C-8FFF-EB7BA56559BB}"
EndProject
Project("{FAE04EC0-301F-11D3-BF4B-00C04F79EFBC}") = "AccountService.API", "REST\AccountService.API\AccountService.API.csproj", "{6A2FA273-6ABF-415D-A664-B032226230A5}"
EndProject
Project("{FAE04EC0-301F-11D3-BF4B-00C04F79EFBC}") = "MovieService.API", "REST\MovieService.API\MovieService.API.csproj", "{F81CE6A1-4CCD-4160-8CB9-C1E18674AF8A}"
EndProject
Project("{FAE04EC0-301F-11D3-BF4B-00C04F79EFBC}") = "StatisticsService.API", "REST\StatisticsService.API\StatisticsService.API.csproj", "{5E18058E-7943-4F0B-B6AF-7B5D404C148C}"
EndProject
Project("{FAE04EC0-301F-11D3-BF4B-00C04F79EFBC}") = "TrailerStreamingService.API", "REST\TrailerStreamingService.API\TrailerStreamingService.API.csproj", "{15F1074C-5745-4664-A53A-50557342E49B}"
EndProject
Project("{FAE04EC0-301F-11D3-BF4B-00C04F79EFBC}") = "StatisticsService.gRPC", "gRPC\StatisticsService.gRPC\StatisticsService.gRPC.csproj", "{25D4C244-80EE-467D-9ABB-C3E17040C72F}"
EndProject
Project("{2150E333-8FDC-42A3-9474-1A3956D46DE8}") = "WebSockets", "WebSockets", "{85BE4D42-A8E0-43E2-8F83-BBE39D679AD4}"
EndProject
Project("{FAE04EC0-301F-11D3-BF4B-00C04F79EFBC}") = "WebSocketsClient", "WebSockets\WebSocketsClient\WebSocketsClient.csproj", "{E987AEEE-6DBA-4971-8A94-B0F6E6BF6F12}"
EndProject
Project("{FAE04EC0-301F-11D3-BF4B-00C04F79EFBC}") = "AccountService.WebSocket", "WebSockets\AccountService.WebSocket\AccountService.WebSocket.csproj", "{B3D8663D-809C-4982-8E2C-6F12112AA7C8}"
EndProject
Project("{FAE04EC0-301F-11D3-BF4B-00C04F79EFBC}") = "TrailerStreamingService.WebSocket", "WebSockets\TrailerStreamingService.WebSocket\TrailerStreamingService.WebSocket.csproj", "{C508AB09-2BAC-4C18-8C70-81B4D6A9DC2C}"
EndProject
Project("{FAE04EC0-301F-11D3-BF4B-00C04F79EFBC}") = "StatisticsService.WebSocket", "WebSockets\StatisticsService.WebSocket\StatisticsService.WebSocket.csproj", "{4667E5EA-2560-4A76-BA1E-AB019FC03923}"
EndProject
Project("{FAE04EC0-301F-11D3-BF4B-00C04F79EFBC}") = "MovieService.WebSocket", "WebSockets\MovieService.WebSocket\MovieService.WebSocket.csproj", "{46246B01-88ED-42C1-A41E-684BF76F44DA}"
EndProject
Project("{E53339B2-1760-4266-BCC7-CA923CBCF16C}") = "docker-compose", "docker-compose.dcproj", "{EDE05E49-76FE-43D3-BF8F-710E4BBBAFFF}"
EndProject
Project("{FAE04EC0-301F-11D3-BF4B-00C04F79EFBC}") = "TestApp", "TestApp\TestApp.csproj", "{19F78A79-D8F0-4355-A047-3394159E5EEE}"
EndProject
Global
	GlobalSection(SolutionConfigurationPlatforms) = preSolution
		Debug|Any CPU = Debug|Any CPU
		Release|Any CPU = Release|Any CPU
	EndGlobalSection
	GlobalSection(ProjectConfigurationPlatforms) = postSolution
		{CC68F618-5ECE-46B5-98F0-4E9FCB634F17}.Debug|Any CPU.ActiveCfg = Debug|Any CPU
		{CC68F618-5ECE-46B5-98F0-4E9FCB634F17}.Debug|Any CPU.Build.0 = Debug|Any CPU
		{CC68F618-5ECE-46B5-98F0-4E9FCB634F17}.Release|Any CPU.ActiveCfg = Release|Any CPU
		{CC68F618-5ECE-46B5-98F0-4E9FCB634F17}.Release|Any CPU.Build.0 = Release|Any CPU
		{0C8C8663-5BAA-45C1-892D-9CE53B7DD43A}.Debug|Any CPU.ActiveCfg = Debug|Any CPU
		{0C8C8663-5BAA-45C1-892D-9CE53B7DD43A}.Debug|Any CPU.Build.0 = Debug|Any CPU
		{0C8C8663-5BAA-45C1-892D-9CE53B7DD43A}.Release|Any CPU.ActiveCfg = Release|Any CPU
		{0C8C8663-5BAA-45C1-892D-9CE53B7DD43A}.Release|Any CPU.Build.0 = Release|Any CPU
		{B686F8A8-8DE2-4166-88E2-14045942301F}.Debug|Any CPU.ActiveCfg = Debug|Any CPU
		{B686F8A8-8DE2-4166-88E2-14045942301F}.Debug|Any CPU.Build.0 = Debug|Any CPU
		{B686F8A8-8DE2-4166-88E2-14045942301F}.Release|Any CPU.ActiveCfg = Release|Any CPU
		{B686F8A8-8DE2-4166-88E2-14045942301F}.Release|Any CPU.Build.0 = Release|Any CPU
		{7A943B0C-BA33-4564-9573-A633DCF44FD1}.Debug|Any CPU.ActiveCfg = Debug|Any CPU
		{7A943B0C-BA33-4564-9573-A633DCF44FD1}.Debug|Any CPU.Build.0 = Debug|Any CPU
		{7A943B0C-BA33-4564-9573-A633DCF44FD1}.Release|Any CPU.ActiveCfg = Release|Any CPU
		{7A943B0C-BA33-4564-9573-A633DCF44FD1}.Release|Any CPU.Build.0 = Release|Any CPU
		{C367A43E-CE91-4919-AFB8-66AA9272FAF5}.Debug|Any CPU.ActiveCfg = Debug|Any CPU
		{C367A43E-CE91-4919-AFB8-66AA9272FAF5}.Debug|Any CPU.Build.0 = Debug|Any CPU
		{C367A43E-CE91-4919-AFB8-66AA9272FAF5}.Release|Any CPU.ActiveCfg = Release|Any CPU
		{C367A43E-CE91-4919-AFB8-66AA9272FAF5}.Release|Any CPU.Build.0 = Release|Any CPU
		{3B8C127B-1DE6-4118-BF61-2721FB118547}.Debug|Any CPU.ActiveCfg = Debug|Any CPU
		{3B8C127B-1DE6-4118-BF61-2721FB118547}.Debug|Any CPU.Build.0 = Debug|Any CPU
		{3B8C127B-1DE6-4118-BF61-2721FB118547}.Release|Any CPU.ActiveCfg = Release|Any CPU
		{3B8C127B-1DE6-4118-BF61-2721FB118547}.Release|Any CPU.Build.0 = Release|Any CPU
		{DBEBC4D2-36B0-45F9-86B9-DCBE7BCB68F4}.Debug|Any CPU.ActiveCfg = Debug|Any CPU
		{DBEBC4D2-36B0-45F9-86B9-DCBE7BCB68F4}.Debug|Any CPU.Build.0 = Debug|Any CPU
		{DBEBC4D2-36B0-45F9-86B9-DCBE7BCB68F4}.Release|Any CPU.ActiveCfg = Release|Any CPU
		{DBEBC4D2-36B0-45F9-86B9-DCBE7BCB68F4}.Release|Any CPU.Build.0 = Release|Any CPU
		{1A6AA995-2589-411B-9F97-629F20517ADC}.Debug|Any CPU.ActiveCfg = Debug|Any CPU
		{1A6AA995-2589-411B-9F97-629F20517ADC}.Debug|Any CPU.Build.0 = Debug|Any CPU
		{1A6AA995-2589-411B-9F97-629F20517ADC}.Release|Any CPU.ActiveCfg = Release|Any CPU
		{1A6AA995-2589-411B-9F97-629F20517ADC}.Release|Any CPU.Build.0 = Release|Any CPU
		{6A2FA273-6ABF-415D-A664-B032226230A5}.Debug|Any CPU.ActiveCfg = Debug|Any CPU
		{6A2FA273-6ABF-415D-A664-B032226230A5}.Debug|Any CPU.Build.0 = Debug|Any CPU
		{6A2FA273-6ABF-415D-A664-B032226230A5}.Release|Any CPU.ActiveCfg = Release|Any CPU
		{6A2FA273-6ABF-415D-A664-B032226230A5}.Release|Any CPU.Build.0 = Release|Any CPU
		{F81CE6A1-4CCD-4160-8CB9-C1E18674AF8A}.Debug|Any CPU.ActiveCfg = Debug|Any CPU
		{F81CE6A1-4CCD-4160-8CB9-C1E18674AF8A}.Debug|Any CPU.Build.0 = Debug|Any CPU
		{F81CE6A1-4CCD-4160-8CB9-C1E18674AF8A}.Release|Any CPU.ActiveCfg = Release|Any CPU
		{F81CE6A1-4CCD-4160-8CB9-C1E18674AF8A}.Release|Any CPU.Build.0 = Release|Any CPU
		{5E18058E-7943-4F0B-B6AF-7B5D404C148C}.Debug|Any CPU.ActiveCfg = Debug|Any CPU
		{5E18058E-7943-4F0B-B6AF-7B5D404C148C}.Debug|Any CPU.Build.0 = Debug|Any CPU
		{5E18058E-7943-4F0B-B6AF-7B5D404C148C}.Release|Any CPU.ActiveCfg = Release|Any CPU
		{5E18058E-7943-4F0B-B6AF-7B5D404C148C}.Release|Any CPU.Build.0 = Release|Any CPU
		{15F1074C-5745-4664-A53A-50557342E49B}.Debug|Any CPU.ActiveCfg = Debug|Any CPU
		{15F1074C-5745-4664-A53A-50557342E49B}.Debug|Any CPU.Build.0 = Debug|Any CPU
		{15F1074C-5745-4664-A53A-50557342E49B}.Release|Any CPU.ActiveCfg = Release|Any CPU
		{15F1074C-5745-4664-A53A-50557342E49B}.Release|Any CPU.Build.0 = Release|Any CPU
		{25D4C244-80EE-467D-9ABB-C3E17040C72F}.Debug|Any CPU.ActiveCfg = Debug|Any CPU
		{25D4C244-80EE-467D-9ABB-C3E17040C72F}.Debug|Any CPU.Build.0 = Debug|Any CPU
		{25D4C244-80EE-467D-9ABB-C3E17040C72F}.Release|Any CPU.ActiveCfg = Release|Any CPU
		{25D4C244-80EE-467D-9ABB-C3E17040C72F}.Release|Any CPU.Build.0 = Release|Any CPU
		{E987AEEE-6DBA-4971-8A94-B0F6E6BF6F12}.Debug|Any CPU.ActiveCfg = Debug|Any CPU
		{E987AEEE-6DBA-4971-8A94-B0F6E6BF6F12}.Debug|Any CPU.Build.0 = Debug|Any CPU
		{E987AEEE-6DBA-4971-8A94-B0F6E6BF6F12}.Release|Any CPU.ActiveCfg = Release|Any CPU
		{E987AEEE-6DBA-4971-8A94-B0F6E6BF6F12}.Release|Any CPU.Build.0 = Release|Any CPU
		{B3D8663D-809C-4982-8E2C-6F12112AA7C8}.Debug|Any CPU.ActiveCfg = Debug|Any CPU
		{B3D8663D-809C-4982-8E2C-6F12112AA7C8}.Debug|Any CPU.Build.0 = Debug|Any CPU
		{B3D8663D-809C-4982-8E2C-6F12112AA7C8}.Release|Any CPU.ActiveCfg = Release|Any CPU
		{B3D8663D-809C-4982-8E2C-6F12112AA7C8}.Release|Any CPU.Build.0 = Release|Any CPU
		{C508AB09-2BAC-4C18-8C70-81B4D6A9DC2C}.Debug|Any CPU.ActiveCfg = Debug|Any CPU
		{C508AB09-2BAC-4C18-8C70-81B4D6A9DC2C}.Debug|Any CPU.Build.0 = Debug|Any CPU
		{C508AB09-2BAC-4C18-8C70-81B4D6A9DC2C}.Release|Any CPU.ActiveCfg = Release|Any CPU
		{C508AB09-2BAC-4C18-8C70-81B4D6A9DC2C}.Release|Any CPU.Build.0 = Release|Any CPU
		{4667E5EA-2560-4A76-BA1E-AB019FC03923}.Debug|Any CPU.ActiveCfg = Debug|Any CPU
		{4667E5EA-2560-4A76-BA1E-AB019FC03923}.Debug|Any CPU.Build.0 = Debug|Any CPU
		{4667E5EA-2560-4A76-BA1E-AB019FC03923}.Release|Any CPU.ActiveCfg = Release|Any CPU
		{4667E5EA-2560-4A76-BA1E-AB019FC03923}.Release|Any CPU.Build.0 = Release|Any CPU
		{46246B01-88ED-42C1-A41E-684BF76F44DA}.Debug|Any CPU.ActiveCfg = Debug|Any CPU
		{46246B01-88ED-42C1-A41E-684BF76F44DA}.Debug|Any CPU.Build.0 = Debug|Any CPU
		{46246B01-88ED-42C1-A41E-684BF76F44DA}.Release|Any CPU.ActiveCfg = Release|Any CPU
		{46246B01-88ED-42C1-A41E-684BF76F44DA}.Release|Any CPU.Build.0 = Release|Any CPU
		{EDE05E49-76FE-43D3-BF8F-710E4BBBAFFF}.Debug|Any CPU.ActiveCfg = Debug|Any CPU
		{EDE05E49-76FE-43D3-BF8F-710E4BBBAFFF}.Debug|Any CPU.Build.0 = Debug|Any CPU
		{EDE05E49-76FE-43D3-BF8F-710E4BBBAFFF}.Release|Any CPU.ActiveCfg = Release|Any CPU
		{EDE05E49-76FE-43D3-BF8F-710E4BBBAFFF}.Release|Any CPU.Build.0 = Release|Any CPU
		{19F78A79-D8F0-4355-A047-3394159E5EEE}.Debug|Any CPU.ActiveCfg = Debug|Any CPU
		{19F78A79-D8F0-4355-A047-3394159E5EEE}.Debug|Any CPU.Build.0 = Debug|Any CPU
		{19F78A79-D8F0-4355-A047-3394159E5EEE}.Release|Any CPU.ActiveCfg = Release|Any CPU
		{19F78A79-D8F0-4355-A047-3394159E5EEE}.Release|Any CPU.Build.0 = Release|Any CPU
	EndGlobalSection
	GlobalSection(SolutionProperties) = preSolution
		HideSolutionNode = FALSE
	EndGlobalSection
	GlobalSection(ExtensibilityGlobals) = postSolution
		SolutionGuid = {D524E0AB-DEDF-44BF-8773-65B7831E6000}
	EndGlobalSection
	GlobalSection(NestedProjects) = preSolution
		{CC68F618-5ECE-46B5-98F0-4E9FCB634F17} = {3609C9AA-170C-4969-BCAA-804D7DFCE4A3}
		{0C8C8663-5BAA-45C1-892D-9CE53B7DD43A} = {ABA9A826-0D0C-40E1-AB66-29BF073E34D9}
		{B686F8A8-8DE2-4166-88E2-14045942301F} = {ABA9A826-0D0C-40E1-AB66-29BF073E34D9}
		{7A943B0C-BA33-4564-9573-A633DCF44FD1} = {ABA9A826-0D0C-40E1-AB66-29BF073E34D9}
		{C367A43E-CE91-4919-AFB8-66AA9272FAF5} = {ABA9A826-0D0C-40E1-AB66-29BF073E34D9}
		{3B8C127B-1DE6-4118-BF61-2721FB118547} = {3609C9AA-170C-4969-BCAA-804D7DFCE4A3}
		{DBEBC4D2-36B0-45F9-86B9-DCBE7BCB68F4} = {3609C9AA-170C-4969-BCAA-804D7DFCE4A3}
		{1A6AA995-2589-411B-9F97-629F20517ADC} = {3609C9AA-170C-4969-BCAA-804D7DFCE4A3}
		{6A2FA273-6ABF-415D-A664-B032226230A5} = {1C2AB5E4-B9C8-4B4C-8FFF-EB7BA56559BB}
		{F81CE6A1-4CCD-4160-8CB9-C1E18674AF8A} = {1C2AB5E4-B9C8-4B4C-8FFF-EB7BA56559BB}
		{5E18058E-7943-4F0B-B6AF-7B5D404C148C} = {1C2AB5E4-B9C8-4B4C-8FFF-EB7BA56559BB}
		{15F1074C-5745-4664-A53A-50557342E49B} = {1C2AB5E4-B9C8-4B4C-8FFF-EB7BA56559BB}
		{25D4C244-80EE-467D-9ABB-C3E17040C72F} = {3609C9AA-170C-4969-BCAA-804D7DFCE4A3}
		{E987AEEE-6DBA-4971-8A94-B0F6E6BF6F12} = {85BE4D42-A8E0-43E2-8F83-BBE39D679AD4}
		{B3D8663D-809C-4982-8E2C-6F12112AA7C8} = {85BE4D42-A8E0-43E2-8F83-BBE39D679AD4}
		{C508AB09-2BAC-4C18-8C70-81B4D6A9DC2C} = {85BE4D42-A8E0-43E2-8F83-BBE39D679AD4}
		{4667E5EA-2560-4A76-BA1E-AB019FC03923} = {85BE4D42-A8E0-43E2-8F83-BBE39D679AD4}
		{46246B01-88ED-42C1-A41E-684BF76F44DA} = {85BE4D42-A8E0-43E2-8F83-BBE39D679AD4}
	EndGlobalSection
EndGlobal
