
Microsoft Visual Studio Solution File, Format Version 12.00
# Visual Studio Version 16
VisualStudioVersion = 25.0.1706.14
MinimumVisualStudioVersion = 10.0.40219.1
Project("{FAE04EC0-301F-11D3-BF4B-00C04F79EFBC}") = "AccountService.API", "AccountService.API.csproj", "{A3D996C1-0129-4A23-B45B-EEBF77A0D82D}"
EndProject
Global
	GlobalSection(SolutionConfigurationPlatforms) = preSolution
		Debug|Any CPU = Debug|Any CPU
		Release|Any CPU = Release|Any CPU
	EndGlobalSection
	GlobalSection(ProjectConfigurationPlatforms) = postSolution
		{A3D996C1-0129-4A23-B45B-EEBF77A0D82D}.Debug|Any CPU.ActiveCfg = Debug|Any CPU
		{A3D996C1-0129-4A23-B45B-EEBF77A0D82D}.Debug|Any CPU.Build.0 = Debug|Any CPU
		{A3D996C1-0129-4A23-B45B-EEBF77A0D82D}.Release|Any CPU.ActiveCfg = Release|Any CPU
		{A3D996C1-0129-4A23-B45B-EEBF77A0D82D}.Release|Any CPU.Build.0 = Release|Any CPU
	EndGlobalSection
	GlobalSection(SolutionProperties) = preSolution
		HideSolutionNode = FALSE
	EndGlobalSection
	GlobalSection(ExtensibilityGlobals) = postSolution
		SolutionGuid = {166BB86E-FE56-4CD3-8580-3810A897B72B}
	EndGlobalSection
EndGlobal
